// !$*UTF8*$!
{
	archiveVersion = 1;
	classes = {
	};
	objectVersion = 45;
	objects = {

/* Begin PBXBuildFile section */
		1D60589B0D05DD56006BFB54 /* main.m in Sources */ = {isa = PBXBuildFile; fileRef = 29B97316FDCFA39411CA2CEA /* main.m */; };
		1D60589F0D05DD5A006BFB54 /* Foundation.framework in Frameworks */ = {isa = PBXBuildFile; fileRef = 1D30AB110D05D00D00671497 /* Foundation.framework */; };
		1DF5F4E00D08C38300B7A737 /* UIKit.framework in Frameworks */ = {isa = PBXBuildFile; fileRef = 1DF5F4DF0D08C38300B7A737 /* UIKit.framework */; };
		288765A50DF7441C002DB57D /* CoreGraphics.framework in Frameworks */ = {isa = PBXBuildFile; fileRef = 288765A40DF7441C002DB57D /* CoreGraphics.framework */; };
		4EFB4C2211ED1E6B00529BF9 /* DetailView.xib in Resources */ = {isa = PBXBuildFile; fileRef = 4EFB4C1F11ED1E6B00529BF9 /* DetailView.xib */; };
		4EFB4C2311ED1E6B00529BF9 /* RootViewController.xib in Resources */ = {isa = PBXBuildFile; fileRef = 4EFB4C2011ED1E6B00529BF9 /* RootViewController.xib */; };
		4EFB4C2411ED1E6B00529BF9 /* MainWindow.xib in Resources */ = {isa = PBXBuildFile; fileRef = 4EFB4C2111ED1E6B00529BF9 /* MainWindow.xib */; };
		4EFB4C2F11ED1EB000529BF9 /* DetailViewController.m in Sources */ = {isa = PBXBuildFile; fileRef = 4EFB4C2511ED1EB000529BF9 /* DetailViewController.m */; };
		4EFB4C3111ED1EB000529BF9 /* RootViewController.m in Sources */ = {isa = PBXBuildFile; fileRef = 4EFB4C2711ED1EB000529BF9 /* RootViewController.m */; };
		4EFB4C3211ED1EB000529BF9 /* DZoneAppDelegate.m in Sources */ = {isa = PBXBuildFile; fileRef = 4EFB4C2811ED1EB000529BF9 /* DZoneAppDelegate.m */; };
		83094ACF1223B2F100537B3B /* BrowserViewController.m in Sources */ = {isa = PBXBuildFile; fileRef = 83094ACD1223B2F100537B3B /* BrowserViewController.m */; };
		83094AD01223B2F100537B3B /* BrowserViewController.xib in Resources */ = {isa = PBXBuildFile; fileRef = 83094ACE1223B2F100537B3B /* BrowserViewController.xib */; };
		836379781226A42600430D51 /* Default.png in Resources */ = {isa = PBXBuildFile; fileRef = 836379771226A42600430D51 /* Default.png */; };
		838E56391226A02A005006F7 /* Icon.png in Resources */ = {isa = PBXBuildFile; fileRef = 838E56381226A02A005006F7 /* Icon.png */; };
		838E56581226A1DA005006F7 /* Icon-72.png in Resources */ = {isa = PBXBuildFile; fileRef = 838E56571226A1DA005006F7 /* Icon-72.png */; };
		839A59F412256CC8003A8C75 /* Settings.bundle in Resources */ = {isa = PBXBuildFile; fileRef = 839A59F312256CC8003A8C75 /* Settings.bundle */; };
		83A2490B1209A4C800B51823 /* SeriouslyJSON.m in Sources */ = {isa = PBXBuildFile; fileRef = 83A248ED1209A4C800B51823 /* SeriouslyJSON.m */; };
		83A2490C1209A4C800B51823 /* yajl.c in Sources */ = {isa = PBXBuildFile; fileRef = 83A248F31209A4C800B51823 /* yajl.c */; };
		83A2490D1209A4C800B51823 /* yajl_alloc.c in Sources */ = {isa = PBXBuildFile; fileRef = 83A248F41209A4C800B51823 /* yajl_alloc.c */; };
		83A2490E1209A4C800B51823 /* yajl_buf.c in Sources */ = {isa = PBXBuildFile; fileRef = 83A248F61209A4C800B51823 /* yajl_buf.c */; };
		83A2490F1209A4C800B51823 /* yajl_encode.c in Sources */ = {isa = PBXBuildFile; fileRef = 83A248FA1209A4C800B51823 /* yajl_encode.c */; };
		83A249101209A4C800B51823 /* yajl_gen.c in Sources */ = {isa = PBXBuildFile; fileRef = 83A248FC1209A4C800B51823 /* yajl_gen.c */; };
		83A249111209A4C800B51823 /* yajl_lex.c in Sources */ = {isa = PBXBuildFile; fileRef = 83A248FE1209A4C800B51823 /* yajl_lex.c */; };
		83A249121209A4C800B51823 /* yajl_parser.c in Sources */ = {isa = PBXBuildFile; fileRef = 83A249011209A4C800B51823 /* yajl_parser.c */; };
		83A249131209A4C800B51823 /* Seriously.m in Sources */ = {isa = PBXBuildFile; fileRef = 83A249041209A4C800B51823 /* Seriously.m */; };
		83A249141209A4C800B51823 /* SeriouslyOperation.m in Sources */ = {isa = PBXBuildFile; fileRef = 83A249071209A4C800B51823 /* SeriouslyOperation.m */; };
		83A249151209A4C800B51823 /* SeriouslyXML.m in Sources */ = {isa = PBXBuildFile; fileRef = 83A2490A1209A4C800B51823 /* SeriouslyXML.m */; };
/* End PBXBuildFile section */

/* Begin PBXFileReference section */
		1D30AB110D05D00D00671497 /* Foundation.framework */ = {isa = PBXFileReference; lastKnownFileType = wrapper.framework; name = Foundation.framework; path = System/Library/Frameworks/Foundation.framework; sourceTree = SDKROOT; };
		1D6058910D05DD3D006BFB54 /* dzone.app */ = {isa = PBXFileReference; explicitFileType = wrapper.application; includeInIndex = 0; path = dzone.app; sourceTree = BUILT_PRODUCTS_DIR; };
		1DF5F4DF0D08C38300B7A737 /* UIKit.framework */ = {isa = PBXFileReference; lastKnownFileType = wrapper.framework; name = UIKit.framework; path = System/Library/Frameworks/UIKit.framework; sourceTree = SDKROOT; };
		288765A40DF7441C002DB57D /* CoreGraphics.framework */ = {isa = PBXFileReference; lastKnownFileType = wrapper.framework; name = CoreGraphics.framework; path = System/Library/Frameworks/CoreGraphics.framework; sourceTree = SDKROOT; };
		29B97316FDCFA39411CA2CEA /* main.m */ = {isa = PBXFileReference; fileEncoding = 4; lastKnownFileType = sourcecode.c.objc; path = main.m; sourceTree = "<group>"; };
		32CA4F630368D1EE00C91783 /* dzone_Prefix.pch */ = {isa = PBXFileReference; fileEncoding = 4; lastKnownFileType = sourcecode.c.h; path = dzone_Prefix.pch; sourceTree = "<group>"; };
		4E032D6B11E7C2F4006D1030 /* readme.textile */ = {isa = PBXFileReference; fileEncoding = 4; lastKnownFileType = text; path = readme.textile; sourceTree = "<group>"; };
		4EFB4C1F11ED1E6B00529BF9 /* DetailView.xib */ = {isa = PBXFileReference; lastKnownFileType = file.xib; path = DetailView.xib; sourceTree = "<group>"; };
		4EFB4C2011ED1E6B00529BF9 /* RootViewController.xib */ = {isa = PBXFileReference; lastKnownFileType = file.xib; path = RootViewController.xib; sourceTree = "<group>"; };
		4EFB4C2111ED1E6B00529BF9 /* MainWindow.xib */ = {isa = PBXFileReference; lastKnownFileType = file.xib; path = MainWindow.xib; sourceTree = "<group>"; };
		4EFB4C2511ED1EB000529BF9 /* DetailViewController.m */ = {isa = PBXFileReference; fileEncoding = 4; lastKnownFileType = sourcecode.c.objc; path = DetailViewController.m; sourceTree = "<group>"; };
		4EFB4C2711ED1EB000529BF9 /* RootViewController.m */ = {isa = PBXFileReference; fileEncoding = 4; lastKnownFileType = sourcecode.c.objc; path = RootViewController.m; sourceTree = "<group>"; };
		4EFB4C2811ED1EB000529BF9 /* DZoneAppDelegate.m */ = {isa = PBXFileReference; fileEncoding = 4; lastKnownFileType = sourcecode.c.objc; path = DZoneAppDelegate.m; sourceTree = "<group>"; };
		4EFB4C2911ED1EB000529BF9 /* DetailViewController.h */ = {isa = PBXFileReference; fileEncoding = 4; lastKnownFileType = sourcecode.c.h; path = DetailViewController.h; sourceTree = "<group>"; };
		4EFB4C2A11ED1EB000529BF9 /* RootViewController.h */ = {isa = PBXFileReference; fileEncoding = 4; lastKnownFileType = sourcecode.c.h; path = RootViewController.h; sourceTree = "<group>"; };
		4EFB4C2B11ED1EB000529BF9 /* DZoneAppDelegate.h */ = {isa = PBXFileReference; fileEncoding = 4; lastKnownFileType = sourcecode.c.h; path = DZoneAppDelegate.h; sourceTree = "<group>"; };
		83094ACC1223B2F100537B3B /* BrowserViewController.h */ = {isa = PBXFileReference; fileEncoding = 4; lastKnownFileType = sourcecode.c.h; path = BrowserViewController.h; sourceTree = "<group>"; };
		83094ACD1223B2F100537B3B /* BrowserViewController.m */ = {isa = PBXFileReference; fileEncoding = 4; lastKnownFileType = sourcecode.c.objc; path = BrowserViewController.m; sourceTree = "<group>"; };
		83094ACE1223B2F100537B3B /* BrowserViewController.xib */ = {isa = PBXFileReference; lastKnownFileType = file.xib; name = BrowserViewController.xib; path = Classes/BrowserViewController.xib; sourceTree = "<group>"; };
		836379771226A42600430D51 /* Default.png */ = {isa = PBXFileReference; lastKnownFileType = image.png; path = Default.png; sourceTree = "<group>"; };
		838E56381226A02A005006F7 /* Icon.png */ = {isa = PBXFileReference; lastKnownFileType = image.png; path = Icon.png; sourceTree = "<group>"; };
		838E56571226A1DA005006F7 /* Icon-72.png */ = {isa = PBXFileReference; lastKnownFileType = image.png; path = "Icon-72.png"; sourceTree = "<group>"; };
		839A59F312256CC8003A8C75 /* Settings.bundle */ = {isa = PBXFileReference; lastKnownFileType = "wrapper.plug-in"; path = Settings.bundle; sourceTree = "<group>"; };
		83A248EC1209A4C800B51823 /* SeriouslyJSON.h */ = {isa = PBXFileReference; fileEncoding = 4; lastKnownFileType = sourcecode.c.h; path = SeriouslyJSON.h; sourceTree = "<group>"; };
		83A248ED1209A4C800B51823 /* SeriouslyJSON.m */ = {isa = PBXFileReference; fileEncoding = 4; lastKnownFileType = sourcecode.c.objc; path = SeriouslyJSON.m; sourceTree = "<group>"; };
		83A248F01209A4C800B51823 /* yajl_common.h */ = {isa = PBXFileReference; fileEncoding = 4; lastKnownFileType = sourcecode.c.h; path = yajl_common.h; sourceTree = "<group>"; };
		83A248F11209A4C800B51823 /* yajl_gen.h */ = {isa = PBXFileReference; fileEncoding = 4; lastKnownFileType = sourcecode.c.h; path = yajl_gen.h; sourceTree = "<group>"; };
		83A248F21209A4C800B51823 /* yajl_parse.h */ = {isa = PBXFileReference; fileEncoding = 4; lastKnownFileType = sourcecode.c.h; path = yajl_parse.h; sourceTree = "<group>"; };
		83A248F31209A4C800B51823 /* yajl.c */ = {isa = PBXFileReference; fileEncoding = 4; lastKnownFileType = sourcecode.c.c; path = yajl.c; sourceTree = "<group>"; };
		83A248F41209A4C800B51823 /* yajl_alloc.c */ = {isa = PBXFileReference; fileEncoding = 4; lastKnownFileType = sourcecode.c.c; path = yajl_alloc.c; sourceTree = "<group>"; };
		83A248F51209A4C800B51823 /* yajl_alloc.h */ = {isa = PBXFileReference; fileEncoding = 4; lastKnownFileType = sourcecode.c.h; path = yajl_alloc.h; sourceTree = "<group>"; };
		83A248F61209A4C800B51823 /* yajl_buf.c */ = {isa = PBXFileReference; fileEncoding = 4; lastKnownFileType = sourcecode.c.c; path = yajl_buf.c; sourceTree = "<group>"; };
		83A248F71209A4C800B51823 /* yajl_buf.h */ = {isa = PBXFileReference; fileEncoding = 4; lastKnownFileType = sourcecode.c.h; path = yajl_buf.h; sourceTree = "<group>"; };
		83A248F81209A4C800B51823 /* yajl_bytestack.h */ = {isa = PBXFileReference; fileEncoding = 4; lastKnownFileType = sourcecode.c.h; path = yajl_bytestack.h; sourceTree = "<group>"; };
		83A248F91209A4C800B51823 /* yajl_common.h */ = {isa = PBXFileReference; fileEncoding = 4; lastKnownFileType = sourcecode.c.h; path = yajl_common.h; sourceTree = "<group>"; };
		83A248FA1209A4C800B51823 /* yajl_encode.c */ = {isa = PBXFileReference; fileEncoding = 4; lastKnownFileType = sourcecode.c.c; path = yajl_encode.c; sourceTree = "<group>"; };
		83A248FB1209A4C800B51823 /* yajl_encode.h */ = {isa = PBXFileReference; fileEncoding = 4; lastKnownFileType = sourcecode.c.h; path = yajl_encode.h; sourceTree = "<group>"; };
		83A248FC1209A4C800B51823 /* yajl_gen.c */ = {isa = PBXFileReference; fileEncoding = 4; lastKnownFileType = sourcecode.c.c; path = yajl_gen.c; sourceTree = "<group>"; };
		83A248FD1209A4C800B51823 /* yajl_gen.h */ = {isa = PBXFileReference; fileEncoding = 4; lastKnownFileType = sourcecode.c.h; path = yajl_gen.h; sourceTree = "<group>"; };
		83A248FE1209A4C800B51823 /* yajl_lex.c */ = {isa = PBXFileReference; fileEncoding = 4; lastKnownFileType = sourcecode.c.c; path = yajl_lex.c; sourceTree = "<group>"; };
		83A248FF1209A4C800B51823 /* yajl_lex.h */ = {isa = PBXFileReference; fileEncoding = 4; lastKnownFileType = sourcecode.c.h; path = yajl_lex.h; sourceTree = "<group>"; };
		83A249001209A4C800B51823 /* yajl_parse.h */ = {isa = PBXFileReference; fileEncoding = 4; lastKnownFileType = sourcecode.c.h; path = yajl_parse.h; sourceTree = "<group>"; };
		83A249011209A4C800B51823 /* yajl_parser.c */ = {isa = PBXFileReference; fileEncoding = 4; lastKnownFileType = sourcecode.c.c; path = yajl_parser.c; sourceTree = "<group>"; };
		83A249021209A4C800B51823 /* yajl_parser.h */ = {isa = PBXFileReference; fileEncoding = 4; lastKnownFileType = sourcecode.c.h; path = yajl_parser.h; sourceTree = "<group>"; };
		83A249031209A4C800B51823 /* Seriously.h */ = {isa = PBXFileReference; fileEncoding = 4; lastKnownFileType = sourcecode.c.h; path = Seriously.h; sourceTree = "<group>"; };
		83A249041209A4C800B51823 /* Seriously.m */ = {isa = PBXFileReference; fileEncoding = 4; lastKnownFileType = sourcecode.c.objc; path = Seriously.m; sourceTree = "<group>"; };
		83A249051209A4C800B51823 /* SeriouslyConstants.h */ = {isa = PBXFileReference; fileEncoding = 4; lastKnownFileType = sourcecode.c.h; path = SeriouslyConstants.h; sourceTree = "<group>"; };
		83A249061209A4C800B51823 /* SeriouslyOperation.h */ = {isa = PBXFileReference; fileEncoding = 4; lastKnownFileType = sourcecode.c.h; path = SeriouslyOperation.h; sourceTree = "<group>"; };
		83A249071209A4C800B51823 /* SeriouslyOperation.m */ = {isa = PBXFileReference; fileEncoding = 4; lastKnownFileType = sourcecode.c.objc; path = SeriouslyOperation.m; sourceTree = "<group>"; };
		83A249091209A4C800B51823 /* SeriouslyXML.h */ = {isa = PBXFileReference; fileEncoding = 4; lastKnownFileType = sourcecode.c.h; path = SeriouslyXML.h; sourceTree = "<group>"; };
		83A2490A1209A4C800B51823 /* SeriouslyXML.m */ = {isa = PBXFileReference; fileEncoding = 4; lastKnownFileType = sourcecode.c.objc; path = SeriouslyXML.m; sourceTree = "<group>"; };
		8D1107310486CEB800E47090 /* dzone-Info.plist */ = {isa = PBXFileReference; fileEncoding = 4; lastKnownFileType = text.plist.xml; path = "dzone-Info.plist"; plistStructureDefinitionIdentifier = "com.apple.xcode.plist.structure-definition.iphone.info-plist"; sourceTree = "<group>"; };
/* End PBXFileReference section */

/* Begin PBXFrameworksBuildPhase section */
		1D60588F0D05DD3D006BFB54 /* Frameworks */ = {
			isa = PBXFrameworksBuildPhase;
			buildActionMask = 2147483647;
			files = (
				1D60589F0D05DD5A006BFB54 /* Foundation.framework in Frameworks */,
				1DF5F4E00D08C38300B7A737 /* UIKit.framework in Frameworks */,
				288765A50DF7441C002DB57D /* CoreGraphics.framework in Frameworks */,
			);
			runOnlyForDeploymentPostprocessing = 0;
		};
/* End PBXFrameworksBuildPhase section */

/* Begin PBXGroup section */
		080E96DDFE201D6D7F000001 /* Classes */ = {
			isa = PBXGroup;
			children = (
				4EFB4C2B11ED1EB000529BF9 /* DZoneAppDelegate.h */,
				4EFB4C2811ED1EB000529BF9 /* DZoneAppDelegate.m */,
				4EFB4C2A11ED1EB000529BF9 /* RootViewController.h */,
				4EFB4C2711ED1EB000529BF9 /* RootViewController.m */,
				4EFB4C2911ED1EB000529BF9 /* DetailViewController.h */,
				4EFB4C2511ED1EB000529BF9 /* DetailViewController.m */,
				83094ACC1223B2F100537B3B /* BrowserViewController.h */,
				83094ACD1223B2F100537B3B /* BrowserViewController.m */,
			);
			path = Classes;
			sourceTree = "<group>";
		};
		19C28FACFE9D520D11CA2CBB /* Products */ = {
			isa = PBXGroup;
			children = (
				1D6058910D05DD3D006BFB54 /* dzone.app */,
			);
			name = Products;
			sourceTree = "<group>";
		};
		29B97314FDCFA39411CA2CEA /* CustomTemplate */ = {
			isa = PBXGroup;
			children = (
				83A248EA1209A4C800B51823 /* Seriously */,
				080E96DDFE201D6D7F000001 /* Classes */,
				29B97315FDCFA39411CA2CEA /* Other Sources */,
				29B97317FDCFA39411CA2CEA /* Resources */,
				29B97323FDCFA39411CA2CEA /* Frameworks */,
				19C28FACFE9D520D11CA2CBB /* Products */,
				4E032D6B11E7C2F4006D1030 /* readme.textile */,
			);
			name = CustomTemplate;
			sourceTree = "<group>";
		};
		29B97315FDCFA39411CA2CEA /* Other Sources */ = {
			isa = PBXGroup;
			children = (
				32CA4F630368D1EE00C91783 /* dzone_Prefix.pch */,
				29B97316FDCFA39411CA2CEA /* main.m */,
			);
			name = "Other Sources";
			sourceTree = "<group>";
		};
		29B97317FDCFA39411CA2CEA /* Resources */ = {
			isa = PBXGroup;
			children = (
				838E56571226A1DA005006F7 /* Icon-72.png */,
				838E56381226A02A005006F7 /* Icon.png */,
				83094ACE1223B2F100537B3B /* BrowserViewController.xib */,
				4EFB4C1F11ED1E6B00529BF9 /* DetailView.xib */,
				4EFB4C2011ED1E6B00529BF9 /* RootViewController.xib */,
				4EFB4C2111ED1E6B00529BF9 /* MainWindow.xib */,
				8D1107310486CEB800E47090 /* dzone-Info.plist */,
				839A59F312256CC8003A8C75 /* Settings.bundle */,
				836379771226A42600430D51 /* Default.png */,
			);
			name = Resources;
			sourceTree = "<group>";
		};
		29B97323FDCFA39411CA2CEA /* Frameworks */ = {
			isa = PBXGroup;
			children = (
				1DF5F4DF0D08C38300B7A737 /* UIKit.framework */,
				1D30AB110D05D00D00671497 /* Foundation.framework */,
				288765A40DF7441C002DB57D /* CoreGraphics.framework */,
			);
			name = Frameworks;
			sourceTree = "<group>";
		};
		83A248EA1209A4C800B51823 /* Seriously */ = {
			isa = PBXGroup;
			children = (
				83A248EB1209A4C800B51823 /* json */,
				83A249081209A4C800B51823 /* xml */,
				83A249031209A4C800B51823 /* Seriously.h */,
				83A249041209A4C800B51823 /* Seriously.m */,
				83A249051209A4C800B51823 /* SeriouslyConstants.h */,
				83A249061209A4C800B51823 /* SeriouslyOperation.h */,
				83A249071209A4C800B51823 /* SeriouslyOperation.m */,
			);
			name = Seriously;
			path = seriously;
			sourceTree = "<group>";
		};
		83A248EB1209A4C800B51823 /* json */ = {
			isa = PBXGroup;
			children = (
				83A248EC1209A4C800B51823 /* SeriouslyJSON.h */,
				83A248ED1209A4C800B51823 /* SeriouslyJSON.m */,
				83A248EE1209A4C800B51823 /* yajl */,
			);
			path = json;
			sourceTree = "<group>";
		};
		83A248EE1209A4C800B51823 /* yajl */ = {
			isa = PBXGroup;
			children = (
				83A248EF1209A4C800B51823 /* api */,
				83A248F31209A4C800B51823 /* yajl.c */,
				83A248F41209A4C800B51823 /* yajl_alloc.c */,
				83A248F51209A4C800B51823 /* yajl_alloc.h */,
				83A248F61209A4C800B51823 /* yajl_buf.c */,
				83A248F71209A4C800B51823 /* yajl_buf.h */,
				83A248F81209A4C800B51823 /* yajl_bytestack.h */,
				83A248F91209A4C800B51823 /* yajl_common.h */,
				83A248FA1209A4C800B51823 /* yajl_encode.c */,
				83A248FB1209A4C800B51823 /* yajl_encode.h */,
				83A248FC1209A4C800B51823 /* yajl_gen.c */,
				83A248FD1209A4C800B51823 /* yajl_gen.h */,
				83A248FE1209A4C800B51823 /* yajl_lex.c */,
				83A248FF1209A4C800B51823 /* yajl_lex.h */,
				83A249001209A4C800B51823 /* yajl_parse.h */,
				83A249011209A4C800B51823 /* yajl_parser.c */,
				83A249021209A4C800B51823 /* yajl_parser.h */,
			);
			path = yajl;
			sourceTree = "<group>";
		};
		83A248EF1209A4C800B51823 /* api */ = {
			isa = PBXGroup;
			children = (
				83A248F01209A4C800B51823 /* yajl_common.h */,
				83A248F11209A4C800B51823 /* yajl_gen.h */,
				83A248F21209A4C800B51823 /* yajl_parse.h */,
			);
			path = api;
			sourceTree = "<group>";
		};
		83A249081209A4C800B51823 /* xml */ = {
			isa = PBXGroup;
			children = (
				83A249091209A4C800B51823 /* SeriouslyXML.h */,
				83A2490A1209A4C800B51823 /* SeriouslyXML.m */,
			);
			path = xml;
			sourceTree = "<group>";
		};
/* End PBXGroup section */

/* Begin PBXNativeTarget section */
		1D6058900D05DD3D006BFB54 /* dzone */ = {
			isa = PBXNativeTarget;
			buildConfigurationList = 1D6058960D05DD3E006BFB54 /* Build configuration list for PBXNativeTarget "dzone" */;
			buildPhases = (
				1D60588D0D05DD3D006BFB54 /* Resources */,
				1D60588E0D05DD3D006BFB54 /* Sources */,
				1D60588F0D05DD3D006BFB54 /* Frameworks */,
			);
			buildRules = (
			);
			dependencies = (
			);
			name = dzone;
			productName = dzone;
			productReference = 1D6058910D05DD3D006BFB54 /* dzone.app */;
			productType = "com.apple.product-type.application";
		};
/* End PBXNativeTarget section */

/* Begin PBXProject section */
		29B97313FDCFA39411CA2CEA /* Project object */ = {
			isa = PBXProject;
			buildConfigurationList = C01FCF4E08A954540054247B /* Build configuration list for PBXProject "dzone" */;
			compatibilityVersion = "Xcode 3.1";
			hasScannedForEncodings = 1;
			mainGroup = 29B97314FDCFA39411CA2CEA /* CustomTemplate */;
			projectDirPath = "";
			projectRoot = "";
			targets = (
				1D6058900D05DD3D006BFB54 /* dzone */,
			);
		};
/* End PBXProject section */

/* Begin PBXResourcesBuildPhase section */
		1D60588D0D05DD3D006BFB54 /* Resources */ = {
			isa = PBXResourcesBuildPhase;
			buildActionMask = 2147483647;
			files = (
				4EFB4C2211ED1E6B00529BF9 /* DetailView.xib in Resources */,
				4EFB4C2311ED1E6B00529BF9 /* RootViewController.xib in Resources */,
				4EFB4C2411ED1E6B00529BF9 /* MainWindow.xib in Resources */,
				83094AD01223B2F100537B3B /* BrowserViewController.xib in Resources */,
				839A59F412256CC8003A8C75 /* Settings.bundle in Resources */,
				838E56391226A02A005006F7 /* Icon.png in Resources */,
				838E56581226A1DA005006F7 /* Icon-72.png in Resources */,
				836379781226A42600430D51 /* Default.png in Resources */,
			);
			runOnlyForDeploymentPostprocessing = 0;
		};
/* End PBXResourcesBuildPhase section */

/* Begin PBXSourcesBuildPhase section */
		1D60588E0D05DD3D006BFB54 /* Sources */ = {
			isa = PBXSourcesBuildPhase;
			buildActionMask = 2147483647;
			files = (
				1D60589B0D05DD56006BFB54 /* main.m in Sources */,
				4EFB4C2F11ED1EB000529BF9 /* DetailViewController.m in Sources */,
				4EFB4C3111ED1EB000529BF9 /* RootViewController.m in Sources */,
				4EFB4C3211ED1EB000529BF9 /* DZoneAppDelegate.m in Sources */,
				83A2490B1209A4C800B51823 /* SeriouslyJSON.m in Sources */,
				83A2490C1209A4C800B51823 /* yajl.c in Sources */,
				83A2490D1209A4C800B51823 /* yajl_alloc.c in Sources */,
				83A2490E1209A4C800B51823 /* yajl_buf.c in Sources */,
				83A2490F1209A4C800B51823 /* yajl_encode.c in Sources */,
				83A249101209A4C800B51823 /* yajl_gen.c in Sources */,
				83A249111209A4C800B51823 /* yajl_lex.c in Sources */,
				83A249121209A4C800B51823 /* yajl_parser.c in Sources */,
				83A249131209A4C800B51823 /* Seriously.m in Sources */,
				83A249141209A4C800B51823 /* SeriouslyOperation.m in Sources */,
				83A249151209A4C800B51823 /* SeriouslyXML.m in Sources */,
				83094ACF1223B2F100537B3B /* BrowserViewController.m in Sources */,
			);
			runOnlyForDeploymentPostprocessing = 0;
		};
/* End PBXSourcesBuildPhase section */

/* Begin XCBuildConfiguration section */
		1D6058940D05DD3E006BFB54 /* Debug */ = {
			isa = XCBuildConfiguration;
			buildSettings = {
				ALWAYS_SEARCH_USER_PATHS = NO;
				ARCHS = "$(ARCHS_STANDARD_32_BIT)";
				COPY_PHASE_STRIP = NO;
				FRAMEWORK_SEARCH_PATHS = (
					"$(inherited)",
					"\"$(SRCROOT)/../seriously\"",
					"\"$(SRCROOT)\"",
				);
				GCC_DYNAMIC_NO_PIC = NO;
				GCC_OPTIMIZATION_LEVEL = 0;
				GCC_PRECOMPILE_PREFIX_HEADER = YES;
				GCC_PREFIX_HEADER = dzone_Prefix.pch;
				INFOPLIST_FILE = "dzone-Info.plist";
				PRODUCT_NAME = dzone;
				SDKROOT = iphoneos4.0;
				TARGETED_DEVICE_FAMILY = "1,2";
			};
			name = Debug;
		};
		1D6058950D05DD3E006BFB54 /* Release */ = {
			isa = XCBuildConfiguration;
			buildSettings = {
				ALWAYS_SEARCH_USER_PATHS = NO;
				ARCHS = "$(ARCHS_STANDARD_32_BIT)";
				COPY_PHASE_STRIP = YES;
				FRAMEWORK_SEARCH_PATHS = (
					"$(inherited)",
					"\"$(SRCROOT)/../seriously\"",
					"\"$(SRCROOT)\"",
				);
				GCC_PRECOMPILE_PREFIX_HEADER = YES;
				GCC_PREFIX_HEADER = dzone_Prefix.pch;
				INFOPLIST_FILE = "dzone-Info.plist";
				PRODUCT_NAME = dzone;
				SDKROOT = iphoneos4.0;
				TARGETED_DEVICE_FAMILY = "1,2";
			};
			name = Release;
		};
		83BD33271226567C008058D7 /* Distribution */ = {
			isa = XCBuildConfiguration;
			buildSettings = {
				ARCHS = "$(ARCHS_STANDARD_32_BIT)";
				CODE_SIGN_ENTITLEMENTS = "";
				"CODE_SIGN_IDENTITY[sdk=iphoneos*]" = "iPhone Distribution";
				GCC_C_LANGUAGE_STANDARD = c99;
				GCC_WARN_ABOUT_RETURN_TYPE = YES;
				GCC_WARN_UNUSED_VARIABLE = YES;
				PREBINDING = NO;
				"PROVISIONING_PROFILE[sdk=iphoneos*]" = "";
				SDKROOT = iphoneos4.0;
			};
			name = Distribution;
		};
		83BD33281226567C008058D7 /* Distribution */ = {
			isa = XCBuildConfiguration;
			buildSettings = {
				ALWAYS_SEARCH_USER_PATHS = NO;
				ARCHS = "$(ARCHS_STANDARD_32_BIT)";
				COPY_PHASE_STRIP = YES;
				FRAMEWORK_SEARCH_PATHS = (
					"$(inherited)",
					"\"$(SRCROOT)/../seriously\"",
					"\"$(SRCROOT)\"",
				);
				GCC_PRECOMPILE_PREFIX_HEADER = YES;
				GCC_PREFIX_HEADER = dzone_Prefix.pch;
				INFOPLIST_FILE = "dzone-Info.plist";
				PRODUCT_NAME = dzone;
				SDKROOT = iphoneos4.0;
				TARGETED_DEVICE_FAMILY = 1;
			};
			name = Distribution;
		};
		C01FCF4F08A954540054247B /* Debug */ = {
			isa = XCBuildConfiguration;
			buildSettings = {
				ARCHS = "$(ARCHS_STANDARD_32_BIT)";
				"CODE_SIGN_IDENTITY[sdk=iphoneos*]" = "iPhone Developer";
				GCC_C_LANGUAGE_STANDARD = c99;
				GCC_WARN_ABOUT_RETURN_TYPE = YES;
				GCC_WARN_UNUSED_VARIABLE = YES;
				IPHONEOS_DEPLOYMENT_TARGET = 4.0;
				MACOSX_DEPLOYMENT_TARGET = 10.6;
				PREBINDING = NO;
				SDKROOT = iphoneos4.0;
			};
			name = Debug;
		};
		C01FCF5008A954540054247B /* Release */ = {
			isa = XCBuildConfiguration;
			buildSettings = {
				ARCHS = "$(ARCHS_STANDARD_32_BIT)";
				"CODE_SIGN_IDENTITY[sdk=iphoneos*]" = "iPhone Developer";
				GCC_C_LANGUAGE_STANDARD = c99;
				GCC_WARN_ABOUT_RETURN_TYPE = YES;
				GCC_WARN_UNUSED_VARIABLE = YES;
				PREBINDING = NO;
				SDKROOT = iphoneos4.0;
			};
			name = Release;
		};
/* End XCBuildConfiguration section */

/* Begin XCConfigurationList section */
		1D6058960D05DD3E006BFB54 /* Build configuration list for PBXNativeTarget "dzone" */ = {
			isa = XCConfigurationList;
			buildConfigurations = (
				1D6058940D05DD3E006BFB54 /* Debug */,
				1D6058950D05DD3E006BFB54 /* Release */,
				83BD33281226567C008058D7 /* Distribution */,
			);
			defaultConfigurationIsVisible = 0;
			defaultConfigurationName = Release;
		};
		C01FCF4E08A954540054247B /* Build configuration list for PBXProject "dzone" */ = {
			isa = XCConfigurationList;
			buildConfigurations = (
				C01FCF4F08A954540054247B /* Debug */,
				C01FCF5008A954540054247B /* Release */,
				83BD33271226567C008058D7 /* Distribution */,
			);
			defaultConfigurationIsVisible = 0;
			defaultConfigurationName = Release;
		};
/* End XCConfigurationList section */
	};
	rootObject = 29B97313FDCFA39411CA2CEA /* Project object */;
}
