// !$*UTF8*$!
{
	archiveVersion = 1;
	classes = {
	};
	objectVersion = 45;
	objects = {

/* Begin PBXBuildFile section */
		1D60589B0D05DD56006BFB54 /* main.m in Sources */ = {isa = PBXBuildFile; fileRef = 29B97316FDCFA39411CA2CEA /* main.m */; };
		1D60589F0D05DD5A006BFB54 /* Foundation.framework in Frameworks */ = {isa = PBXBuildFile; fileRef = 1D30AB110D05D00D00671497 /* Foundation.framework */; };
		1DF5F4E00D08C38300B7A737 /* UIKit.framework in Frameworks */ = {isa = PBXBuildFile; fileRef = 1DF5F4DF0D08C38300B7A737 /* UIKit.framework */; };
		288765A50DF7441C002DB57D /* CoreGraphics.framework in Frameworks */ = {isa = PBXBuildFile; fileRef = 288765A40DF7441C002DB57D /* CoreGraphics.framework */; };
		4EA3EF3B11EB8BFD0040B8CD /* TBXML.m in Sources */ = {isa = PBXBuildFile; fileRef = 4EA3EF3711EB8BFD0040B8CD /* TBXML.m */; };
		4EA3EF3C11EB8BFD0040B8CD /* NSDataAdditions.m in Sources */ = {isa = PBXBuildFile; fileRef = 4EA3EF3911EB8BFD0040B8CD /* NSDataAdditions.m */; };
		4EA3EF3E11EB8C400040B8CD /* libz.dylib in Frameworks */ = {isa = PBXBuildFile; fileRef = 4EA3EF3D11EB8C400040B8CD /* libz.dylib */; };
		4EFB4C2211ED1E6B00529BF9 /* DetailView.xib in Resources */ = {isa = PBXBuildFile; fileRef = 4EFB4C1F11ED1E6B00529BF9 /* DetailView.xib */; };
		4EFB4C2311ED1E6B00529BF9 /* RootViewController.xib in Resources */ = {isa = PBXBuildFile; fileRef = 4EFB4C2011ED1E6B00529BF9 /* RootViewController.xib */; };
		4EFB4C2411ED1E6B00529BF9 /* MainWindow.xib in Resources */ = {isa = PBXBuildFile; fileRef = 4EFB4C2111ED1E6B00529BF9 /* MainWindow.xib */; };
		4EFB4C2F11ED1EB000529BF9 /* DetailViewController.m in Sources */ = {isa = PBXBuildFile; fileRef = 4EFB4C2511ED1EB000529BF9 /* DetailViewController.m */; };
		4EFB4C3011ED1EB000529BF9 /* FeedParser.m in Sources */ = {isa = PBXBuildFile; fileRef = 4EFB4C2611ED1EB000529BF9 /* FeedParser.m */; };
		4EFB4C3111ED1EB000529BF9 /* RootViewController.m in Sources */ = {isa = PBXBuildFile; fileRef = 4EFB4C2711ED1EB000529BF9 /* RootViewController.m */; };
		4EFB4C3211ED1EB000529BF9 /* DZoneAppDelegate.m in Sources */ = {isa = PBXBuildFile; fileRef = 4EFB4C2811ED1EB000529BF9 /* DZoneAppDelegate.m */; };
		4EFB4C3311ED1EB000529BF9 /* Item.m in Sources */ = {isa = PBXBuildFile; fileRef = 4EFB4C2D11ED1EB000529BF9 /* Item.m */; };
/* End PBXBuildFile section */

/* Begin PBXFileReference section */
		1D30AB110D05D00D00671497 /* Foundation.framework */ = {isa = PBXFileReference; lastKnownFileType = wrapper.framework; name = Foundation.framework; path = System/Library/Frameworks/Foundation.framework; sourceTree = SDKROOT; };
		1D6058910D05DD3D006BFB54 /* dzone.app */ = {isa = PBXFileReference; explicitFileType = wrapper.application; includeInIndex = 0; path = dzone.app; sourceTree = BUILT_PRODUCTS_DIR; };
		1DF5F4DF0D08C38300B7A737 /* UIKit.framework */ = {isa = PBXFileReference; lastKnownFileType = wrapper.framework; name = UIKit.framework; path = System/Library/Frameworks/UIKit.framework; sourceTree = SDKROOT; };
		288765A40DF7441C002DB57D /* CoreGraphics.framework */ = {isa = PBXFileReference; lastKnownFileType = wrapper.framework; name = CoreGraphics.framework; path = System/Library/Frameworks/CoreGraphics.framework; sourceTree = SDKROOT; };
		29B97316FDCFA39411CA2CEA /* main.m */ = {isa = PBXFileReference; fileEncoding = 4; lastKnownFileType = sourcecode.c.objc; path = main.m; sourceTree = "<group>"; };
		32CA4F630368D1EE00C91783 /* dzone_Prefix.pch */ = {isa = PBXFileReference; fileEncoding = 4; lastKnownFileType = sourcecode.c.h; path = dzone_Prefix.pch; sourceTree = "<group>"; };
		4E032D6B11E7C2F4006D1030 /* readme.textile */ = {isa = PBXFileReference; fileEncoding = 4; lastKnownFileType = text; path = readme.textile; sourceTree = "<group>"; };
		4EA3EF3711EB8BFD0040B8CD /* TBXML.m */ = {isa = PBXFileReference; fileEncoding = 4; lastKnownFileType = sourcecode.c.objc; path = TBXML.m; sourceTree = "<group>"; };
		4EA3EF3811EB8BFD0040B8CD /* TBXML.h */ = {isa = PBXFileReference; fileEncoding = 4; lastKnownFileType = sourcecode.c.h; path = TBXML.h; sourceTree = "<group>"; };
		4EA3EF3911EB8BFD0040B8CD /* NSDataAdditions.m */ = {isa = PBXFileReference; fileEncoding = 4; lastKnownFileType = sourcecode.c.objc; path = NSDataAdditions.m; sourceTree = "<group>"; };
		4EA3EF3A11EB8BFD0040B8CD /* NSDataAdditions.h */ = {isa = PBXFileReference; fileEncoding = 4; lastKnownFileType = sourcecode.c.h; path = NSDataAdditions.h; sourceTree = "<group>"; };
		4EA3EF3D11EB8C400040B8CD /* libz.dylib */ = {isa = PBXFileReference; lastKnownFileType = "compiled.mach-o.dylib"; name = libz.dylib; path = usr/lib/libz.dylib; sourceTree = SDKROOT; };
		4EFB4C1F11ED1E6B00529BF9 /* DetailView.xib */ = {isa = PBXFileReference; lastKnownFileType = file.xib; path = DetailView.xib; sourceTree = "<group>"; };
		4EFB4C2011ED1E6B00529BF9 /* RootViewController.xib */ = {isa = PBXFileReference; lastKnownFileType = file.xib; path = RootViewController.xib; sourceTree = "<group>"; };
		4EFB4C2111ED1E6B00529BF9 /* MainWindow.xib */ = {isa = PBXFileReference; lastKnownFileType = file.xib; path = MainWindow.xib; sourceTree = "<group>"; };
		4EFB4C2511ED1EB000529BF9 /* DetailViewController.m */ = {isa = PBXFileReference; fileEncoding = 4; lastKnownFileType = sourcecode.c.objc; path = DetailViewController.m; sourceTree = "<group>"; };
		4EFB4C2611ED1EB000529BF9 /* FeedParser.m */ = {isa = PBXFileReference; fileEncoding = 4; lastKnownFileType = sourcecode.c.objc; path = FeedParser.m; sourceTree = "<group>"; };
		4EFB4C2711ED1EB000529BF9 /* RootViewController.m */ = {isa = PBXFileReference; fileEncoding = 4; lastKnownFileType = sourcecode.c.objc; path = RootViewController.m; sourceTree = "<group>"; };
		4EFB4C2811ED1EB000529BF9 /* DZoneAppDelegate.m */ = {isa = PBXFileReference; fileEncoding = 4; lastKnownFileType = sourcecode.c.objc; path = DZoneAppDelegate.m; sourceTree = "<group>"; };
		4EFB4C2911ED1EB000529BF9 /* DetailViewController.h */ = {isa = PBXFileReference; fileEncoding = 4; lastKnownFileType = sourcecode.c.h; path = DetailViewController.h; sourceTree = "<group>"; };
		4EFB4C2A11ED1EB000529BF9 /* RootViewController.h */ = {isa = PBXFileReference; fileEncoding = 4; lastKnownFileType = sourcecode.c.h; path = RootViewController.h; sourceTree = "<group>"; };
		4EFB4C2B11ED1EB000529BF9 /* DZoneAppDelegate.h */ = {isa = PBXFileReference; fileEncoding = 4; lastKnownFileType = sourcecode.c.h; path = DZoneAppDelegate.h; sourceTree = "<group>"; };
		4EFB4C2C11ED1EB000529BF9 /* FeedParser.h */ = {isa = PBXFileReference; fileEncoding = 4; lastKnownFileType = sourcecode.c.h; path = FeedParser.h; sourceTree = "<group>"; };
		4EFB4C2D11ED1EB000529BF9 /* Item.m */ = {isa = PBXFileReference; fileEncoding = 4; lastKnownFileType = sourcecode.c.objc; path = Item.m; sourceTree = "<group>"; };
		4EFB4C2E11ED1EB000529BF9 /* Item.h */ = {isa = PBXFileReference; fileEncoding = 4; lastKnownFileType = sourcecode.c.h; path = Item.h; sourceTree = "<group>"; };
		8D1107310486CEB800E47090 /* dzone-Info.plist */ = {isa = PBXFileReference; fileEncoding = 4; lastKnownFileType = text.plist.xml; path = "dzone-Info.plist"; plistStructureDefinitionIdentifier = "com.apple.xcode.plist.structure-definition.iphone.info-plist"; sourceTree = "<group>"; };
/* End PBXFileReference section */

/* Begin PBXFrameworksBuildPhase section */
		1D60588F0D05DD3D006BFB54 /* Frameworks */ = {
			isa = PBXFrameworksBuildPhase;
			buildActionMask = 2147483647;
			files = (
				1D60589F0D05DD5A006BFB54 /* Foundation.framework in Frameworks */,
				1DF5F4E00D08C38300B7A737 /* UIKit.framework in Frameworks */,
				288765A50DF7441C002DB57D /* CoreGraphics.framework in Frameworks */,
				4EA3EF3E11EB8C400040B8CD /* libz.dylib in Frameworks */,
			);
			runOnlyForDeploymentPostprocessing = 0;
		};
/* End PBXFrameworksBuildPhase section */

/* Begin PBXGroup section */
		080E96DDFE201D6D7F000001 /* Classes */ = {
			isa = PBXGroup;
			children = (
				4EFB4C2511ED1EB000529BF9 /* DetailViewController.m */,
				4EFB4C2611ED1EB000529BF9 /* FeedParser.m */,
				4EFB4C2711ED1EB000529BF9 /* RootViewController.m */,
				4EFB4C2811ED1EB000529BF9 /* DZoneAppDelegate.m */,
				4EFB4C2911ED1EB000529BF9 /* DetailViewController.h */,
				4EFB4C2A11ED1EB000529BF9 /* RootViewController.h */,
				4EFB4C2B11ED1EB000529BF9 /* DZoneAppDelegate.h */,
				4EFB4C2C11ED1EB000529BF9 /* FeedParser.h */,
				4EFB4C2D11ED1EB000529BF9 /* Item.m */,
				4EFB4C2E11ED1EB000529BF9 /* Item.h */,
			);
			path = Classes;
			sourceTree = "<group>";
		};
		19C28FACFE9D520D11CA2CBB /* Products */ = {
			isa = PBXGroup;
			children = (
				1D6058910D05DD3D006BFB54 /* dzone.app */,
			);
			name = Products;
			sourceTree = "<group>";
		};
		29B97314FDCFA39411CA2CEA /* CustomTemplate */ = {
			isa = PBXGroup;
			children = (
				4EA3EF3511EB8BB10040B8CD /* TBXML */,
				080E96DDFE201D6D7F000001 /* Classes */,
				29B97315FDCFA39411CA2CEA /* Other Sources */,
				29B97317FDCFA39411CA2CEA /* Resources */,
				29B97323FDCFA39411CA2CEA /* Frameworks */,
				19C28FACFE9D520D11CA2CBB /* Products */,
				4E032D6B11E7C2F4006D1030 /* readme.textile */,
				4EA3EF3D11EB8C400040B8CD /* libz.dylib */,
			);
			name = CustomTemplate;
			sourceTree = "<group>";
		};
		29B97315FDCFA39411CA2CEA /* Other Sources */ = {
			isa = PBXGroup;
			children = (
				32CA4F630368D1EE00C91783 /* dzone_Prefix.pch */,
				29B97316FDCFA39411CA2CEA /* main.m */,
			);
			name = "Other Sources";
			sourceTree = "<group>";
		};
		29B97317FDCFA39411CA2CEA /* Resources */ = {
			isa = PBXGroup;
			children = (
				4EFB4C1F11ED1E6B00529BF9 /* DetailView.xib */,
				4EFB4C2011ED1E6B00529BF9 /* RootViewController.xib */,
				4EFB4C2111ED1E6B00529BF9 /* MainWindow.xib */,
				8D1107310486CEB800E47090 /* dzone-Info.plist */,
			);
			name = Resources;
			sourceTree = "<group>";
		};
		29B97323FDCFA39411CA2CEA /* Frameworks */ = {
			isa = PBXGroup;
			children = (
				1DF5F4DF0D08C38300B7A737 /* UIKit.framework */,
				1D30AB110D05D00D00671497 /* Foundation.framework */,
				288765A40DF7441C002DB57D /* CoreGraphics.framework */,
			);
			name = Frameworks;
			sourceTree = "<group>";
		};
		4EA3EF3511EB8BB10040B8CD /* TBXML */ = {
			isa = PBXGroup;
			children = (
				4EA3EF3711EB8BFD0040B8CD /* TBXML.m */,
				4EA3EF3811EB8BFD0040B8CD /* TBXML.h */,
				4EA3EF3911EB8BFD0040B8CD /* NSDataAdditions.m */,
				4EA3EF3A11EB8BFD0040B8CD /* NSDataAdditions.h */,
			);
			name = TBXML;
			sourceTree = "<group>";
		};
/* End PBXGroup section */

/* Begin PBXNativeTarget section */
		1D6058900D05DD3D006BFB54 /* dzone */ = {
			isa = PBXNativeTarget;
			buildConfigurationList = 1D6058960D05DD3E006BFB54 /* Build configuration list for PBXNativeTarget "dzone" */;
			buildPhases = (
				1D60588D0D05DD3D006BFB54 /* Resources */,
				1D60588E0D05DD3D006BFB54 /* Sources */,
				1D60588F0D05DD3D006BFB54 /* Frameworks */,
			);
			buildRules = (
			);
			dependencies = (
			);
			name = dzone;
			productName = dzone;
			productReference = 1D6058910D05DD3D006BFB54 /* dzone.app */;
			productType = "com.apple.product-type.application";
		};
/* End PBXNativeTarget section */

/* Begin PBXProject section */
		29B97313FDCFA39411CA2CEA /* Project object */ = {
			isa = PBXProject;
			buildConfigurationList = C01FCF4E08A954540054247B /* Build configuration list for PBXProject "dzone" */;
			compatibilityVersion = "Xcode 3.1";
			hasScannedForEncodings = 1;
			mainGroup = 29B97314FDCFA39411CA2CEA /* CustomTemplate */;
			projectDirPath = "";
			projectRoot = "";
			targets = (
				1D6058900D05DD3D006BFB54 /* dzone */,
			);
		};
/* End PBXProject section */

/* Begin PBXResourcesBuildPhase section */
		1D60588D0D05DD3D006BFB54 /* Resources */ = {
			isa = PBXResourcesBuildPhase;
			buildActionMask = 2147483647;
			files = (
				4EFB4C2211ED1E6B00529BF9 /* DetailView.xib in Resources */,
				4EFB4C2311ED1E6B00529BF9 /* RootViewController.xib in Resources */,
				4EFB4C2411ED1E6B00529BF9 /* MainWindow.xib in Resources */,
			);
			runOnlyForDeploymentPostprocessing = 0;
		};
/* End PBXResourcesBuildPhase section */

/* Begin PBXSourcesBuildPhase section */
		1D60588E0D05DD3D006BFB54 /* Sources */ = {
			isa = PBXSourcesBuildPhase;
			buildActionMask = 2147483647;
			files = (
				1D60589B0D05DD56006BFB54 /* main.m in Sources */,
				4EA3EF3B11EB8BFD0040B8CD /* TBXML.m in Sources */,
				4EA3EF3C11EB8BFD0040B8CD /* NSDataAdditions.m in Sources */,
				4EFB4C2F11ED1EB000529BF9 /* DetailViewController.m in Sources */,
				4EFB4C3011ED1EB000529BF9 /* FeedParser.m in Sources */,
				4EFB4C3111ED1EB000529BF9 /* RootViewController.m in Sources */,
				4EFB4C3211ED1EB000529BF9 /* DZoneAppDelegate.m in Sources */,
				4EFB4C3311ED1EB000529BF9 /* Item.m in Sources */,
			);
			runOnlyForDeploymentPostprocessing = 0;
		};
/* End PBXSourcesBuildPhase section */

/* Begin XCBuildConfiguration section */
		1D6058940D05DD3E006BFB54 /* Debug */ = {
			isa = XCBuildConfiguration;
			buildSettings = {
				ALWAYS_SEARCH_USER_PATHS = NO;
				COPY_PHASE_STRIP = NO;
				GCC_DYNAMIC_NO_PIC = NO;
				GCC_OPTIMIZATION_LEVEL = 0;
				GCC_PRECOMPILE_PREFIX_HEADER = YES;
				GCC_PREFIX_HEADER = dzone_Prefix.pch;
				INFOPLIST_FILE = "dzone-Info.plist";
				PRODUCT_NAME = dzone;
			};
			name = Debug;
		};
		1D6058950D05DD3E006BFB54 /* Release */ = {
			isa = XCBuildConfiguration;
			buildSettings = {
				ALWAYS_SEARCH_USER_PATHS = NO;
				COPY_PHASE_STRIP = YES;
				GCC_PRECOMPILE_PREFIX_HEADER = YES;
				GCC_PREFIX_HEADER = dzone_Prefix.pch;
				INFOPLIST_FILE = "dzone-Info.plist";
				PRODUCT_NAME = dzone;
			};
			name = Release;
		};
		C01FCF4F08A954540054247B /* Debug */ = {
			isa = XCBuildConfiguration;
			buildSettings = {
				ARCHS = "$(ARCHS_STANDARD_32_BIT)";
				"CODE_SIGN_IDENTITY[sdk=iphoneos*]" = "iPhone Developer";
				GCC_C_LANGUAGE_STANDARD = c99;
				GCC_WARN_ABOUT_RETURN_TYPE = YES;
				GCC_WARN_UNUSED_VARIABLE = YES;
				PREBINDING = NO;
				SDKROOT = iphoneos3.2;
			};
			name = Debug;
		};
		C01FCF5008A954540054247B /* Release */ = {
			isa = XCBuildConfiguration;
			buildSettings = {
				ARCHS = "$(ARCHS_STANDARD_32_BIT)";
				"CODE_SIGN_IDENTITY[sdk=iphoneos*]" = "iPhone Developer";
				GCC_C_LANGUAGE_STANDARD = c99;
				GCC_WARN_ABOUT_RETURN_TYPE = YES;
				GCC_WARN_UNUSED_VARIABLE = YES;
				PREBINDING = NO;
				SDKROOT = iphoneos3.2;
			};
			name = Release;
		};
/* End XCBuildConfiguration section */

/* Begin XCConfigurationList section */
		1D6058960D05DD3E006BFB54 /* Build configuration list for PBXNativeTarget "dzone" */ = {
			isa = XCConfigurationList;
			buildConfigurations = (
				1D6058940D05DD3E006BFB54 /* Debug */,
				1D6058950D05DD3E006BFB54 /* Release */,
			);
			defaultConfigurationIsVisible = 0;
			defaultConfigurationName = Release;
		};
		C01FCF4E08A954540054247B /* Build configuration list for PBXProject "dzone" */ = {
			isa = XCConfigurationList;
			buildConfigurations = (
				C01FCF4F08A954540054247B /* Debug */,
				C01FCF5008A954540054247B /* Release */,
			);
			defaultConfigurationIsVisible = 0;
			defaultConfigurationName = Release;
		};
/* End XCConfigurationList section */
	};
	rootObject = 29B97313FDCFA39411CA2CEA /* Project object */;
}
